# Generated from the development environment on 2026-09-16.
# The local editable project itself is intentionally omitted.
annotated-doc==0.0.5
annotated-types==0.8.0
anyio==4.15.1
affine==3.0.1
attrs==26.1.0
bandit==1.8.3
boto3==1.40.30
boolean.py==5.0
CacheControl==0.14.4
certifi==2026.7.22
cffi==2.1.1
charset-normalizer==3.5.1
click==8.5.0
click-plugins==1.1.1.2
cligj==0.7.2
cryptography==50.0.1
cyclonedx-python-lib==7.6.2
defusedxml==0.7.1
detect-secrets==1.5.0
fastapi==0.141.1
filelock==3.32.7
jmespath==1.1.0
h11==0.16.0
html5lib==1.1
httpcore==1.0.9
httpx==0.28.1
idna==3.19
iniconfig==2.3.0
license-expression==30.4.4
markdown-it-py==4.2.0
mdurl==0.1.2
msgpack==1.2.2
mypy==1.14.1
mypy_extensions==1.1.0
numpy==2.2.3
packageurl-python==0.17.6
pyproj==3.7.1
packaging==26.3
pip-api==0.0.35
pip-audit==2.7.3
pip-requirements-parser==32.0.1
pluggy==1.6.0
prometheus-client==0.21.1
psycopg==3.2.3
psycopg-binary==3.2.3
py-serializable==1.1.2
pycparser==3.0
pydantic==2.10.5
pydantic-core==2.27.2
python-dateutil==2.9.0.post0
Pygments==2.21.0
PyJWT==2.14.0
pyparsing==3.3.2
pytest==9.0.3
python-dotenv==1.2.3
PyYAML==6.0.3
requests==2.34.2
rasterio==1.4.3
rich==15.0.0
ruff==0.9.6
six==1.17.0
shapely==2.0.7
s3transfer==0.14.0
sortedcontainers==2.4.0
starlette==1.6.0
stevedore==5.9.1
toml==0.10.2
typing-extensions==4.16.0
typing-inspection==0.4.4
urllib3==2.8.0
uvicorn==0.34.0
uvloop==0.22.1
watchfiles==1.2.0
webencodings==0.6.1
websockets==17.1
